
Microsoft Visual Studio Solution File, Format Version 12.00
# Visual Studio Version 17
VisualStudioVersion = 17.3.32922.545
MinimumVisualStudioVersion = 10.0.40219.1
Project("{FAE04EC0-301F-11D3-BF4B-00C04F79EFBC}") = "Assignment2", "Assignment2.csproj", "{0238F08F-1E75-46F5-B07A-BD72F648930E}"
EndProject
Global
	GlobalSection(SolutionConfigurationPlatforms) = preSolution
		Debug|Any CPU = Debug|Any CPU
		Release|Any CPU = Release|Any CPU
	EndGlobalSection
	GlobalSection(ProjectConfigurationPlatforms) = postSolution
		{0238F08F-1E75-46F5-B07A-BD72F648930E}.Debug|Any CPU.ActiveCfg = Debug|Any CPU
		{0238F08F-1E75-46F5-B07A-BD72F648930E}.Debug|Any CPU.Build.0 = Debug|Any CPU
		{0238F08F-1E75-46F5-B07A-BD72F648930E}.Release|Any CPU.ActiveCfg = Release|Any CPU
		{0238F08F-1E75-46F5-B07A-BD72F648930E}.Release|Any CPU.Build.0 = Release|Any CPU
	EndGlobalSection
	GlobalSection(SolutionProperties) = preSolution
		HideSolutionNode = FALSE
	EndGlobalSection
	GlobalSection(ExtensibilityGlobals) = postSolution
		SolutionGuid = {A97C57B3-C953-4E97-9D6C-6A4FF8D866E6}
	EndGlobalSection
EndGlobal
